
Microsoft Visual Studio Solution File, Format Version 12.00
# Visual Studio 15
VisualStudioVersion = 15.0.28307.271
MinimumVisualStudioVersion = 10.0.40219.1
Project("{9092AA53-FB77-4645-B42D-1CCCA6BD08BD}") = "GamesUI", "GamesUI\GamesUI.njsproj", "{197DBF1E-DDF8-434F-8868-6CDD01543D2C}"
EndProject
Global
	GlobalSection(SolutionConfigurationPlatforms) = preSolution
		Debug|Any CPU = Debug|Any CPU
		Release|Any CPU = Release|Any CPU
	EndGlobalSection
	GlobalSection(ProjectConfigurationPlatforms) = postSolution
		{197DBF1E-DDF8-434F-8868-6CDD01543D2C}.Debug|Any CPU.ActiveCfg = Debug|Any CPU
		{197DBF1E-DDF8-434F-8868-6CDD01543D2C}.Debug|Any CPU.Build.0 = Debug|Any CPU
		{197DBF1E-DDF8-434F-8868-6CDD01543D2C}.Release|Any CPU.ActiveCfg = Release|Any CPU
		{197DBF1E-DDF8-434F-8868-6CDD01543D2C}.Release|Any CPU.Build.0 = Release|Any CPU
	EndGlobalSection
	GlobalSection(SolutionProperties) = preSolution
		HideSolutionNode = FALSE
	EndGlobalSection
	GlobalSection(ExtensibilityGlobals) = postSolution
		SolutionGuid = {79703199-F96D-49BE-A712-125518F8192B}
	EndGlobalSection
EndGlobal
